// !$*UTF8*$!
{
	archiveVersion = 1;
	classes = {
	};
	objectVersion = 46;
	objects = {

/* Begin PBXBuildFile section */
		BBDABF7C1F2CF5DA0010FC0B /* main.swift in Sources */ = {isa = PBXBuildFile; fileRef = BBDABF7B1F2CF5DA0010FC0B /* main.swift */; };
		BBDABF831F2CF6E90010FC0B /* ConsoleIO.swift in Sources */ = {isa = PBXBuildFile; fileRef = BBDABF821F2CF6E90010FC0B /* ConsoleIO.swift */; };
		BBDABF851F2D0A810010FC0B /* Panagram.swift in Sources */ = {isa = PBXBuildFile; fileRef = BBDABF841F2D0A810010FC0B /* Panagram.swift */; };
		E4155C301F2FD73F00A5E588 /* StringExtension.swift in Sources */ = {isa = PBXBuildFile; fileRef = E4155C2F1F2FD73F00A5E588 /* StringExtension.swift */; };
/* End PBXBuildFile section */

/* Begin PBXCopyFilesBuildPhase section */
		BBDABF761F2CF5DA0010FC0B /* CopyFiles */ = {
			isa = PBXCopyFilesBuildPhase;
			buildActionMask = 2147483647;
			dstPath = /usr/share/man/man1/;
			dstSubfolderSpec = 0;
			files = (
			);
			runOnlyForDeploymentPostprocessing = 1;
		};
/* End PBXCopyFilesBuildPhase section */

/* Begin PBXFileReference section */
		BBDABF781F2CF5DA0010FC0B /* Panagram */ = {isa = PBXFileReference; explicitFileType = "compiled.mach-o.executable"; includeInIndex = 0; path = Panagram; sourceTree = BUILT_PRODUCTS_DIR; };
		BBDABF7B1F2CF5DA0010FC0B /* main.swift */ = {isa = PBXFileReference; lastKnownFileType = sourcecode.swift; path = main.swift; sourceTree = "<group>"; };
		BBDABF821F2CF6E90010FC0B /* ConsoleIO.swift */ = {isa = PBXFileReference; fileEncoding = 4; lastKnownFileType = sourcecode.swift; path = ConsoleIO.swift; sourceTree = "<group>"; };
		BBDABF841F2D0A810010FC0B /* Panagram.swift */ = {isa = PBXFileReference; fileEncoding = 4; lastKnownFileType = sourcecode.swift; path = Panagram.swift; sourceTree = "<group>"; };
		E4155C2F1F2FD73F00A5E588 /* StringExtension.swift */ = {isa = PBXFileReference; fileEncoding = 4; lastKnownFileType = sourcecode.swift; path = StringExtension.swift; sourceTree = "<group>"; };
/* End PBXFileReference section */

/* Begin PBXFrameworksBuildPhase section */
		BBDABF751F2CF5DA0010FC0B /* Frameworks */ = {
			isa = PBXFrameworksBuildPhase;
			buildActionMask = 2147483647;
			files = (
			);
			runOnlyForDeploymentPostprocessing = 0;
		};
/* End PBXFrameworksBuildPhase section */

/* Begin PBXGroup section */
		BBDABF6F1F2CF5DA0010FC0B = {
			isa = PBXGroup;
			children = (
				E4155C2F1F2FD73F00A5E588 /* StringExtension.swift */,
				BBDABF841F2D0A810010FC0B /* Panagram.swift */,
				BBDABF821F2CF6E90010FC0B /* ConsoleIO.swift */,
				BBDABF7A1F2CF5DA0010FC0B /* Panagram */,
				BBDABF791F2CF5DA0010FC0B /* Products */,
			);
			sourceTree = "<group>";
		};
		BBDABF791F2CF5DA0010FC0B /* Products */ = {
			isa = PBXGroup;
			children = (
				BBDABF781F2CF5DA0010FC0B /* Panagram */,
			);
			name = Products;
			sourceTree = "<group>";
		};
		BBDABF7A1F2CF5DA0010FC0B /* Panagram */ = {
			isa = PBXGroup;
			children = (
				BBDABF7B1F2CF5DA0010FC0B /* main.swift */,
			);
			path = Panagram;
			sourceTree = "<group>";
		};
/* End PBXGroup section */

/* Begin PBXNativeTarget section */
		BBDABF771F2CF5DA0010FC0B /* Panagram */ = {
			isa = PBXNativeTarget;
			buildConfigurationList = BBDABF7F1F2CF5DA0010FC0B /* Build configuration list for PBXNativeTarget "Panagram" */;
			buildPhases = (
				BBDABF741F2CF5DA0010FC0B /* Sources */,
				BBDABF751F2CF5DA0010FC0B /* Frameworks */,
				BBDABF761F2CF5DA0010FC0B /* CopyFiles */,
			);
			buildRules = (
			);
			dependencies = (
			);
			name = Panagram;
			productName = Panagram;
			productReference = BBDABF781F2CF5DA0010FC0B /* Panagram */;
			productType = "com.apple.product-type.tool";
		};
/* End PBXNativeTarget section */

/* Begin PBXProject section */
		BBDABF701F2CF5DA0010FC0B /* Project object */ = {
			isa = PBXProject;
			attributes = {
				LastSwiftUpdateCheck = 0830;
				LastUpgradeCheck = 0830;
				ORGANIZATIONNAME = "Laureane Clark";
				TargetAttributes = {
					BBDABF771F2CF5DA0010FC0B = {
						CreatedOnToolsVersion = 8.3.3;
						ProvisioningStyle = Automatic;
					};
				};
			};
			buildConfigurationList = BBDABF731F2CF5DA0010FC0B /* Build configuration list for PBXProject "Panagram" */;
			compatibilityVersion = "Xcode 3.2";
			developmentRegion = English;
			hasScannedForEncodings = 0;
			knownRegions = (
				en,
			);
			mainGroup = BBDABF6F1F2CF5DA0010FC0B;
			productRefGroup = BBDABF791F2CF5DA0010FC0B /* Products */;
			projectDirPath = "";
			projectRoot = "";
			targets = (
				BBDABF771F2CF5DA0010FC0B /* Panagram */,
			);
		};
/* End PBXProject section */

/* Begin PBXSourcesBuildPhase section */
		BBDABF741F2CF5DA0010FC0B /* Sources */ = {
			isa = PBXSourcesBuildPhase;
			buildActionMask = 2147483647;
			files = (
				E4155C301F2FD73F00A5E588 /* StringExtension.swift in Sources */,
				BBDABF7C1F2CF5DA0010FC0B /* main.swift in Sources */,
				BBDABF831F2CF6E90010FC0B /* ConsoleIO.swift in Sources */,
				BBDABF851F2D0A810010FC0B /* Panagram.swift in Sources */,
			);
			runOnlyForDeploymentPostprocessing = 0;
		};
/* End PBXSourcesBuildPhase section */

/* Begin XCBuildConfiguration section */
		BBDABF7D1F2CF5DA0010FC0B /* Debug */ = {
			isa = XCBuildConfiguration;
			buildSettings = {
				ALWAYS_SEARCH_USER_PATHS = NO;
				CLANG_ANALYZER_NONNULL = YES;
				CLANG_ANALYZER_NUMBER_OBJECT_CONVERSION = YES_AGGRESSIVE;
				CLANG_CXX_LANGUAGE_STANDARD = "gnu++0x";
				CLANG_CXX_LIBRARY = "libc++";
				CLANG_ENABLE_MODULES = YES;
				CLANG_ENABLE_OBJC_ARC = YES;
				CLANG_WARN_BOOL_CONVERSION = YES;
				CLANG_WARN_CONSTANT_CONVERSION = YES;
				CLANG_WARN_DIRECT_OBJC_ISA_USAGE = YES_ERROR;
				CLANG_WARN_DOCUMENTATION_COMMENTS = YES;
				CLANG_WARN_EMPTY_BODY = YES;
				CLANG_WARN_ENUM_CONVERSION = YES;
				CLANG_WARN_INFINITE_RECURSION = YES;
				CLANG_WARN_INT_CONVERSION = YES;
				CLANG_WARN_OBJC_ROOT_CLASS = YES_ERROR;
				CLANG_WARN_SUSPICIOUS_MOVE = YES;
				CLANG_WARN_UNREACHABLE_CODE = YES;
				CLANG_WARN__DUPLICATE_METHOD_MATCH = YES;
				CODE_SIGN_IDENTITY = "-";
				COPY_PHASE_STRIP = NO;
				DEBUG_INFORMATION_FORMAT = dwarf;
				ENABLE_STRICT_OBJC_MSGSEND = YES;
				ENABLE_TESTABILITY = YES;
				GCC_C_LANGUAGE_STANDARD = gnu99;
				GCC_DYNAMIC_NO_PIC = NO;
				GCC_NO_COMMON_BLOCKS = YES;
				GCC_OPTIMIZATION_LEVEL = 0;
				GCC_PREPROCESSOR_DEFINITIONS = (
					"DEBUG=1",
					"$(inherited)",
				);
				GCC_WARN_64_TO_32_BIT_CONVERSION = YES;
				GCC_WARN_ABOUT_RETURN_TYPE = YES_ERROR;
				GCC_WARN_UNDECLARED_SELECTOR = YES;
				GCC_WARN_UNINITIALIZED_AUTOS = YES_AGGRESSIVE;
				GCC_WARN_UNUSED_FUNCTION = YES;
				GCC_WARN_UNUSED_VARIABLE = YES;
				MACOSX_DEPLOYMENT_TARGET = 10.12;
				MTL_ENABLE_DEBUG_INFO = YES;
				ONLY_ACTIVE_ARCH = YES;
				SDKROOT = macosx;
				SWIFT_OPTIMIZATION_LEVEL = "-Onone";
			};
			name = Debug;
		};
		BBDABF7E1F2CF5DA0010FC0B /* Release */ = {
			isa = XCBuildConfiguration;
			buildSettings = {
				ALWAYS_SEARCH_USER_PATHS = NO;
				CLANG_ANALYZER_NONNULL = YES;
				CLANG_ANALYZER_NUMBER_OBJECT_CONVERSION = YES_AGGRESSIVE;
				CLANG_CXX_LANGUAGE_STANDARD = "gnu++0x";
				CLANG_CXX_LIBRARY = "libc++";
				CLANG_ENABLE_MODULES = YES;
				CLANG_ENABLE_OBJC_ARC = YES;
				CLANG_WARN_BOOL_CONVERSION = YES;
				CLANG_WARN_CONSTANT_CONVERSION = YES;
				CLANG_WARN_DIRECT_OBJC_ISA_USAGE = YES_ERROR;
				CLANG_WARN_DOCUMENTATION_COMMENTS = YES;
				CLANG_WARN_EMPTY_BODY = YES;
				CLANG_WARN_ENUM_CONVERSION = YES;
				CLANG_WARN_INFINITE_RECURSION = YES;
				CLANG_WARN_INT_CONVERSION = YES;
				CLANG_WARN_OBJC_ROOT_CLASS = YES_ERROR;
				CLANG_WARN_SUSPICIOUS_MOVE = YES;
				CLANG_WARN_UNREACHABLE_CODE = YES;
				CLANG_WARN__DUPLICATE_METHOD_MATCH = YES;
				CODE_SIGN_IDENTITY = "-";
				COPY_PHASE_STRIP = NO;
				DEBUG_INFORMATION_FORMAT = "dwarf-with-dsym";
				ENABLE_NS_ASSERTIONS = NO;
				ENABLE_STRICT_OBJC_MSGSEND = YES;
				GCC_C_LANGUAGE_STANDARD = gnu99;
				GCC_NO_COMMON_BLOCKS = YES;
				GCC_WARN_64_TO_32_BIT_CONVERSION = YES;
				GCC_WARN_ABOUT_RETURN_TYPE = YES_ERROR;
				GCC_WARN_UNDECLARED_SELECTOR = YES;
				GCC_WARN_UNINITIALIZED_AUTOS = YES_AGGRESSIVE;
				GCC_WARN_UNUSED_FUNCTION = YES;
				GCC_WARN_UNUSED_VARIABLE = YES;
				MACOSX_DEPLOYMENT_TARGET = 10.12;
				MTL_ENABLE_DEBUG_INFO = NO;
				SDKROOT = macosx;
			};
			name = Release;
		};
		BBDABF801F2CF5DA0010FC0B /* Debug */ = {
			isa = XCBuildConfiguration;
			buildSettings = {
				PRODUCT_NAME = "$(TARGET_NAME)";
				SWIFT_VERSION = 3.0;
			};
			name = Debug;
		};
		BBDABF811F2CF5DA0010FC0B /* Release */ = {
			isa = XCBuildConfiguration;
			buildSettings = {
				PRODUCT_NAME = "$(TARGET_NAME)";
				SWIFT_VERSION = 3.0;
			};
			name = Release;
		};
/* End XCBuildConfiguration section */

/* Begin XCConfigurationList section */
		BBDABF731F2CF5DA0010FC0B /* Build configuration list for PBXProject "Panagram" */ = {
			isa = XCConfigurationList;
			buildConfigurations = (
				BBDABF7D1F2CF5DA0010FC0B /* Debug */,
				BBDABF7E1F2CF5DA0010FC0B /* Release */,
			);
			defaultConfigurationIsVisible = 0;
			defaultConfigurationName = Release;
		};
		BBDABF7F1F2CF5DA0010FC0B /* Build configuration list for PBXNativeTarget "Panagram" */ = {
			isa = XCConfigurationList;
			buildConfigurations = (
				BBDABF801F2CF5DA0010FC0B /* Debug */,
				BBDABF811F2CF5DA0010FC0B /* Release */,
			);
			defaultConfigurationIsVisible = 0;
			defaultConfigurationName = Release;
		};
/* End XCConfigurationList section */
	};
	rootObject = BBDABF701F2CF5DA0010FC0B /* Project object */;
}
